// !$*UTF8*$!
{
	archiveVersion = 1;
	classes = {
	};
	objectVersion = 56;
	objects = {

/* Begin PBXBuildFile section */
		602E1D42293CA8CD00570249 /* User.swift in Sources */ = {isa = PBXBuildFile; fileRef = 602E1D41293CA8CD00570249 /* User.swift */; };
		602E1D44293CA8EF00570249 /* RegisterView.swift in Sources */ = {isa = PBXBuildFile; fileRef = 602E1D43293CA8EF00570249 /* RegisterView.swift */; };
		602EB36C2939676A000A99C8 /* AppDelegate.swift in Sources */ = {isa = PBXBuildFile; fileRef = 602EB36B2939676A000A99C8 /* AppDelegate.swift */; };
		602EB36E2939676A000A99C8 /* SceneDelegate.swift in Sources */ = {isa = PBXBuildFile; fileRef = 602EB36D2939676A000A99C8 /* SceneDelegate.swift */; };
		602EB3702939676A000A99C8 /* WelcomeViewController.swift in Sources */ = {isa = PBXBuildFile; fileRef = 602EB36F2939676A000A99C8 /* WelcomeViewController.swift */; };
		602EB37529396771000A99C8 /* Assets.xcassets in Resources */ = {isa = PBXBuildFile; fileRef = 602EB37429396771000A99C8 /* Assets.xcassets */; };
		602EB37829396771000A99C8 /* LaunchScreen.storyboard in Resources */ = {isa = PBXBuildFile; fileRef = 602EB37629396771000A99C8 /* LaunchScreen.storyboard */; };
		6031D55F296361440019D399 /* HomeChartView.swift in Sources */ = {isa = PBXBuildFile; fileRef = 6031D55E296361440019D399 /* HomeChartView.swift */; };
		6031D5622963691C0019D399 /* ActivityCell.swift in Sources */ = {isa = PBXBuildFile; fileRef = 6031D5612963691C0019D399 /* ActivityCell.swift */; };
		603E470F2965FC8A00B0589E /* Category.swift in Sources */ = {isa = PBXBuildFile; fileRef = 603E470E2965FC8A00B0589E /* Category.swift */; };
		60581736296C93D6002AEE2E /* Day.swift in Sources */ = {isa = PBXBuildFile; fileRef = 60581735296C93D6002AEE2E /* Day.swift */; };
		60581738296C94E1002AEE2E /* ReportsView.swift in Sources */ = {isa = PBXBuildFile; fileRef = 60581737296C94E1002AEE2E /* ReportsView.swift */; };
		606586902975B7EC00EBBD94 /* ReportsChartView.swift in Sources */ = {isa = PBXBuildFile; fileRef = 6065868F2975B7EC00EBBD94 /* ReportsChartView.swift */; };
		60658816293FCCAF00EE7AE2 /* WelcomeView.swift in Sources */ = {isa = PBXBuildFile; fileRef = 60658815293FCCAF00EE7AE2 /* WelcomeView.swift */; };
		607566B92948F5C00023A9DC /* dots.json in Resources */ = {isa = PBXBuildFile; fileRef = 607566B82948F5C00023A9DC /* dots.json */; };
		608942DF2979C08E0094A8D7 /* ReportsCalViewController.swift in Sources */ = {isa = PBXBuildFile; fileRef = 608942DE2979C08E0094A8D7 /* ReportsCalViewController.swift */; };
		608942E12979D2450094A8D7 /* ProfileViewController.swift in Sources */ = {isa = PBXBuildFile; fileRef = 608942E02979D2450094A8D7 /* ProfileViewController.swift */; };
		608942E32979D2590094A8D7 /* ProfileView.swift in Sources */ = {isa = PBXBuildFile; fileRef = 608942E22979D2590094A8D7 /* ProfileView.swift */; };
		608E919F2951085E0072FE02 /* HomeViewController.swift in Sources */ = {isa = PBXBuildFile; fileRef = 608E919E2951085E0072FE02 /* HomeViewController.swift */; };
		608E91A1295108810072FE02 /* HomeView.swift in Sources */ = {isa = PBXBuildFile; fileRef = 608E91A0295108810072FE02 /* HomeView.swift */; };
		608E91A529510FA70072FE02 /* ReportsViewController.swift in Sources */ = {isa = PBXBuildFile; fileRef = 608E91A429510FA70072FE02 /* ReportsViewController.swift */; };
		608E91A729510FCB0072FE02 /* TabBarController.swift in Sources */ = {isa = PBXBuildFile; fileRef = 608E91A629510FCB0072FE02 /* TabBarController.swift */; };
		608F1D32293BD7CD00B8BF2A /* LoginView.swift in Sources */ = {isa = PBXBuildFile; fileRef = 608F1D31293BD7CD00B8BF2A /* LoginView.swift */; };
		608F1D35293BD9C100B8BF2A /* UIViewExtension.swift in Sources */ = {isa = PBXBuildFile; fileRef = 608F1D34293BD9C100B8BF2A /* UIViewExtension.swift */; };
		608F1D3B293BE13300B8BF2A /* DividerView.swift in Sources */ = {isa = PBXBuildFile; fileRef = 608F1D3A293BE13300B8BF2A /* DividerView.swift */; };
		60A2D89C29649BCB0082338B /* AddActivityView.swift in Sources */ = {isa = PBXBuildFile; fileRef = 60A2D89B29649BCB0082338B /* AddActivityView.swift */; };
		60A2D89E29649C270082338B /* Activity.swift in Sources */ = {isa = PBXBuildFile; fileRef = 60A2D89D29649C270082338B /* Activity.swift */; };
		60A2D8A029649EF10082338B /* AddActivityViewController.swift in Sources */ = {isa = PBXBuildFile; fileRef = 60A2D89F29649EF10082338B /* AddActivityViewController.swift */; };
		60A423DB294A357700B72126 /* WAnimations.swift in Sources */ = {isa = PBXBuildFile; fileRef = 60A423DA294A357700B72126 /* WAnimations.swift */; };
		60A423DD294A81C400B72126 /* Panton-BlackCaps.otf in Resources */ = {isa = PBXBuildFile; fileRef = 60A423DC294A81C300B72126 /* Panton-BlackCaps.otf */; };
		60A423DF294A84C000B72126 /* Panton-LightCaps.otf in Resources */ = {isa = PBXBuildFile; fileRef = 60A423DE294A84C000B72126 /* Panton-LightCaps.otf */; };
		60A86AFD2941181D00DD484D /* WButton.swift in Sources */ = {isa = PBXBuildFile; fileRef = 60A86AFC2941181D00DD484D /* WButton.swift */; };
		60A86AFF2941186A00DD484D /* WColors.swift in Sources */ = {isa = PBXBuildFile; fileRef = 60A86AFE2941186900DD484D /* WColors.swift */; };
		60EE4798296DB9E200DFDC37 /* ReportsCalendarCell.swift in Sources */ = {isa = PBXBuildFile; fileRef = 60EE4797296DB9E200DFDC37 /* ReportsCalendarCell.swift */; };
		60EE479A296DCF5100DFDC37 /* ReportsCalendarHeader.swift in Sources */ = {isa = PBXBuildFile; fileRef = 60EE4799296DCF5100DFDC37 /* ReportsCalendarHeader.swift */; };
		60EE479D296E163E00DFDC37 /* WVisualEffectView.swift in Sources */ = {isa = PBXBuildFile; fileRef = 60EE479C296E163E00DFDC37 /* WVisualEffectView.swift */; };
		60EE479F296E187E00DFDC37 /* ReportsCalendarView.swift in Sources */ = {isa = PBXBuildFile; fileRef = 60EE479E296E187E00DFDC37 /* ReportsCalendarView.swift */; };
		E6D37E9DE99520690B656D20 /* Pods_Watudo.framework in Frameworks */ = {isa = PBXBuildFile; fileRef = 9D092CCFB5BA1C7D906E1028 /* Pods_Watudo.framework */; };
/* End PBXBuildFile section */

/* Begin PBXFileReference section */
		602E1D41293CA8CD00570249 /* User.swift */ = {isa = PBXFileReference; lastKnownFileType = sourcecode.swift; path = User.swift; sourceTree = "<group>"; };
		602E1D43293CA8EF00570249 /* RegisterView.swift */ = {isa = PBXFileReference; lastKnownFileType = sourcecode.swift; path = RegisterView.swift; sourceTree = "<group>"; };
		602EB3682939676A000A99C8 /* Watudo.app */ = {isa = PBXFileReference; explicitFileType = wrapper.application; includeInIndex = 0; path = Watudo.app; sourceTree = BUILT_PRODUCTS_DIR; };
		602EB36B2939676A000A99C8 /* AppDelegate.swift */ = {isa = PBXFileReference; lastKnownFileType = sourcecode.swift; path = AppDelegate.swift; sourceTree = "<group>"; };
		602EB36D2939676A000A99C8 /* SceneDelegate.swift */ = {isa = PBXFileReference; lastKnownFileType = sourcecode.swift; path = SceneDelegate.swift; sourceTree = "<group>"; };
		602EB36F2939676A000A99C8 /* WelcomeViewController.swift */ = {isa = PBXFileReference; lastKnownFileType = sourcecode.swift; path = WelcomeViewController.swift; sourceTree = "<group>"; };
		602EB37429396771000A99C8 /* Assets.xcassets */ = {isa = PBXFileReference; lastKnownFileType = folder.assetcatalog; path = Assets.xcassets; sourceTree = "<group>"; };
		602EB37729396771000A99C8 /* Base */ = {isa = PBXFileReference; lastKnownFileType = file.storyboard; name = Base; path = Base.lproj/LaunchScreen.storyboard; sourceTree = "<group>"; };
		602EB37929396771000A99C8 /* Info.plist */ = {isa = PBXFileReference; lastKnownFileType = text.plist.xml; path = Info.plist; sourceTree = "<group>"; };
		6031D55E296361440019D399 /* HomeChartView.swift */ = {isa = PBXFileReference; lastKnownFileType = sourcecode.swift; path = HomeChartView.swift; sourceTree = "<group>"; };
		6031D5612963691C0019D399 /* ActivityCell.swift */ = {isa = PBXFileReference; lastKnownFileType = sourcecode.swift; path = ActivityCell.swift; sourceTree = "<group>"; };
		603E470E2965FC8A00B0589E /* Category.swift */ = {isa = PBXFileReference; lastKnownFileType = sourcecode.swift; path = Category.swift; sourceTree = "<group>"; };
		60581735296C93D6002AEE2E /* Day.swift */ = {isa = PBXFileReference; lastKnownFileType = sourcecode.swift; path = Day.swift; sourceTree = "<group>"; };
		60581737296C94E1002AEE2E /* ReportsView.swift */ = {isa = PBXFileReference; lastKnownFileType = sourcecode.swift; path = ReportsView.swift; sourceTree = "<group>"; };
		6065868F2975B7EC00EBBD94 /* ReportsChartView.swift */ = {isa = PBXFileReference; lastKnownFileType = sourcecode.swift; path = ReportsChartView.swift; sourceTree = "<group>"; };
		60658815293FCCAF00EE7AE2 /* WelcomeView.swift */ = {isa = PBXFileReference; lastKnownFileType = sourcecode.swift; path = WelcomeView.swift; sourceTree = "<group>"; };
		607566B82948F5C00023A9DC /* dots.json */ = {isa = PBXFileReference; fileEncoding = 4; lastKnownFileType = text.json; path = dots.json; sourceTree = "<group>"; };
		608942DE2979C08E0094A8D7 /* ReportsCalViewController.swift */ = {isa = PBXFileReference; lastKnownFileType = sourcecode.swift; path = ReportsCalViewController.swift; sourceTree = "<group>"; };
		608942E02979D2450094A8D7 /* ProfileViewController.swift */ = {isa = PBXFileReference; lastKnownFileType = sourcecode.swift; path = ProfileViewController.swift; sourceTree = "<group>"; };
		608942E22979D2590094A8D7 /* ProfileView.swift */ = {isa = PBXFileReference; lastKnownFileType = sourcecode.swift; path = ProfileView.swift; sourceTree = "<group>"; };
		608E919E2951085E0072FE02 /* HomeViewController.swift */ = {isa = PBXFileReference; lastKnownFileType = sourcecode.swift; path = HomeViewController.swift; sourceTree = "<group>"; };
		608E91A0295108810072FE02 /* HomeView.swift */ = {isa = PBXFileReference; lastKnownFileType = sourcecode.swift; path = HomeView.swift; sourceTree = "<group>"; };
		608E91A429510FA70072FE02 /* ReportsViewController.swift */ = {isa = PBXFileReference; lastKnownFileType = sourcecode.swift; path = ReportsViewController.swift; sourceTree = "<group>"; };
		608E91A629510FCB0072FE02 /* TabBarController.swift */ = {isa = PBXFileReference; lastKnownFileType = sourcecode.swift; path = TabBarController.swift; sourceTree = "<group>"; };
		608F1D31293BD7CD00B8BF2A /* LoginView.swift */ = {isa = PBXFileReference; lastKnownFileType = sourcecode.swift; path = LoginView.swift; sourceTree = "<group>"; };
		608F1D34293BD9C100B8BF2A /* UIViewExtension.swift */ = {isa = PBXFileReference; lastKnownFileType = sourcecode.swift; path = UIViewExtension.swift; sourceTree = "<group>"; };
		608F1D3A293BE13300B8BF2A /* DividerView.swift */ = {isa = PBXFileReference; lastKnownFileType = sourcecode.swift; path = DividerView.swift; sourceTree = "<group>"; };
		60A2D89B29649BCB0082338B /* AddActivityView.swift */ = {isa = PBXFileReference; lastKnownFileType = sourcecode.swift; path = AddActivityView.swift; sourceTree = "<group>"; };
		60A2D89D29649C270082338B /* Activity.swift */ = {isa = PBXFileReference; lastKnownFileType = sourcecode.swift; path = Activity.swift; sourceTree = "<group>"; };
		60A2D89F29649EF10082338B /* AddActivityViewController.swift */ = {isa = PBXFileReference; lastKnownFileType = sourcecode.swift; path = AddActivityViewController.swift; sourceTree = "<group>"; };
		60A423DA294A357700B72126 /* WAnimations.swift */ = {isa = PBXFileReference; lastKnownFileType = sourcecode.swift; path = WAnimations.swift; sourceTree = "<group>"; };
		60A423DC294A81C300B72126 /* Panton-BlackCaps.otf */ = {isa = PBXFileReference; lastKnownFileType = file; path = "Panton-BlackCaps.otf"; sourceTree = "<group>"; };
		60A423DE294A84C000B72126 /* Panton-LightCaps.otf */ = {isa = PBXFileReference; lastKnownFileType = file; path = "Panton-LightCaps.otf"; sourceTree = "<group>"; };
		60A86AFC2941181D00DD484D /* WButton.swift */ = {isa = PBXFileReference; lastKnownFileType = sourcecode.swift; path = WButton.swift; sourceTree = "<group>"; };
		60A86AFE2941186900DD484D /* WColors.swift */ = {isa = PBXFileReference; lastKnownFileType = sourcecode.swift; path = WColors.swift; sourceTree = "<group>"; };
		60EE4797296DB9E200DFDC37 /* ReportsCalendarCell.swift */ = {isa = PBXFileReference; lastKnownFileType = sourcecode.swift; path = ReportsCalendarCell.swift; sourceTree = "<group>"; };
		60EE4799296DCF5100DFDC37 /* ReportsCalendarHeader.swift */ = {isa = PBXFileReference; lastKnownFileType = sourcecode.swift; path = ReportsCalendarHeader.swift; sourceTree = "<group>"; };
		60EE479C296E163E00DFDC37 /* WVisualEffectView.swift */ = {isa = PBXFileReference; lastKnownFileType = sourcecode.swift; path = WVisualEffectView.swift; sourceTree = "<group>"; };
		60EE479E296E187E00DFDC37 /* ReportsCalendarView.swift */ = {isa = PBXFileReference; lastKnownFileType = sourcecode.swift; path = ReportsCalendarView.swift; sourceTree = "<group>"; };
		62FB0311AF5AA41099C33795 /* Pods-Watudo.release.xcconfig */ = {isa = PBXFileReference; includeInIndex = 1; lastKnownFileType = text.xcconfig; name = "Pods-Watudo.release.xcconfig"; path = "Target Support Files/Pods-Watudo/Pods-Watudo.release.xcconfig"; sourceTree = "<group>"; };
		9D092CCFB5BA1C7D906E1028 /* Pods_Watudo.framework */ = {isa = PBXFileReference; explicitFileType = wrapper.framework; includeInIndex = 0; path = Pods_Watudo.framework; sourceTree = BUILT_PRODUCTS_DIR; };
		E73560A060775C724C2B5E49 /* Pods-Watudo.debug.xcconfig */ = {isa = PBXFileReference; includeInIndex = 1; lastKnownFileType = text.xcconfig; name = "Pods-Watudo.debug.xcconfig"; path = "Target Support Files/Pods-Watudo/Pods-Watudo.debug.xcconfig"; sourceTree = "<group>"; };
/* End PBXFileReference section */

/* Begin PBXFrameworksBuildPhase section */
		602EB3652939676A000A99C8 /* Frameworks */ = {
			isa = PBXFrameworksBuildPhase;
			buildActionMask = 2147483647;
			files = (
				E6D37E9DE99520690B656D20 /* Pods_Watudo.framework in Frameworks */,
			);
			runOnlyForDeploymentPostprocessing = 0;
		};
/* End PBXFrameworksBuildPhase section */

/* Begin PBXGroup section */
		60206715294BB3C1005650FA /* Utilities */ = {
			isa = PBXGroup;
			children = (
				60EE479B296DE0D400DFDC37 /* Lottie Files */,
				60206716294BB3DB005650FA /* Fonts */,
			);
			path = Utilities;
			sourceTree = "<group>";
		};
		60206716294BB3DB005650FA /* Fonts */ = {
			isa = PBXGroup;
			children = (
				60A423DC294A81C300B72126 /* Panton-BlackCaps.otf */,
				60A423DE294A84C000B72126 /* Panton-LightCaps.otf */,
			);
			path = Fonts;
			sourceTree = "<group>";
		};
		60206717294BB477005650FA /* WelcomeScreen */ = {
			isa = PBXGroup;
			children = (
				60658815293FCCAF00EE7AE2 /* WelcomeView.swift */,
				608F1D31293BD7CD00B8BF2A /* LoginView.swift */,
				602E1D43293CA8EF00570249 /* RegisterView.swift */,
			);
			path = WelcomeScreen;
			sourceTree = "<group>";
		};
		602EB35F2939676A000A99C8 = {
			isa = PBXGroup;
			children = (
				602EB36A2939676A000A99C8 /* Watudo */,
				602EB3692939676A000A99C8 /* Products */,
				E550A03383B0609231D1376D /* Pods */,
				B637006F5F99DF5FEB84EA5A /* Frameworks */,
			);
			sourceTree = "<group>";
		};
		602EB3692939676A000A99C8 /* Products */ = {
			isa = PBXGroup;
			children = (
				602EB3682939676A000A99C8 /* Watudo.app */,
			);
			name = Products;
			sourceTree = "<group>";
		};
		602EB36A2939676A000A99C8 /* Watudo */ = {
			isa = PBXGroup;
			children = (
				608F1D30293BD78200B8BF2A /* Controllers */,
				608F1D2F293BD77C00B8BF2A /* Views */,
				608F1D2E293BD77200B8BF2A /* Models */,
				602EB36B2939676A000A99C8 /* AppDelegate.swift */,
				60206715294BB3C1005650FA /* Utilities */,
				602EB36D2939676A000A99C8 /* SceneDelegate.swift */,
				602EB37429396771000A99C8 /* Assets.xcassets */,
				602EB37629396771000A99C8 /* LaunchScreen.storyboard */,
				602EB37929396771000A99C8 /* Info.plist */,
			);
			path = Watudo;
			sourceTree = "<group>";
		};
		6031D560296368FB0019D399 /* TableViewCells */ = {
			isa = PBXGroup;
			children = (
				6031D5612963691C0019D399 /* ActivityCell.swift */,
			);
			path = TableViewCells;
			sourceTree = "<group>";
		};
		6065868E2975B7C700EBBD94 /* Charts */ = {
			isa = PBXGroup;
			children = (
				6031D55E296361440019D399 /* HomeChartView.swift */,
				6065868F2975B7EC00EBBD94 /* ReportsChartView.swift */,
			);
			path = Charts;
			sourceTree = "<group>";
		};
		608F1D2E293BD77200B8BF2A /* Models */ = {
			isa = PBXGroup;
			children = (
				60A86B002941192D00DD484D /* Constants */,
				608F1D33293BD9A400B8BF2A /* Extensions */,
				602E1D41293CA8CD00570249 /* User.swift */,
				60A2D89D29649C270082338B /* Activity.swift */,
				603E470E2965FC8A00B0589E /* Category.swift */,
				60581735296C93D6002AEE2E /* Day.swift */,
			);
			path = Models;
			sourceTree = "<group>";
		};
		608F1D2F293BD77C00B8BF2A /* Views */ = {
			isa = PBXGroup;
			children = (
				60A423D9294A356000B72126 /* Animations */,
				608F1D37293BDC6700B8BF2A /* SubViews */,
				608F1D36293BDC5E00B8BF2A /* MainViews */,
			);
			path = Views;
			sourceTree = "<group>";
		};
		608F1D30293BD78200B8BF2A /* Controllers */ = {
			isa = PBXGroup;
			children = (
				60EE47A0296E196C00DFDC37 /* ReportsViewControllers */,
				602EB36F2939676A000A99C8 /* WelcomeViewController.swift */,
				608E919E2951085E0072FE02 /* HomeViewController.swift */,
				608E91A629510FCB0072FE02 /* TabBarController.swift */,
				60A2D89F29649EF10082338B /* AddActivityViewController.swift */,
				608942E02979D2450094A8D7 /* ProfileViewController.swift */,
			);
			path = Controllers;
			sourceTree = "<group>";
		};
		608F1D33293BD9A400B8BF2A /* Extensions */ = {
			isa = PBXGroup;
			children = (
				608F1D34293BD9C100B8BF2A /* UIViewExtension.swift */,
			);
			path = Extensions;
			sourceTree = "<group>";
		};
		608F1D36293BDC5E00B8BF2A /* MainViews */ = {
			isa = PBXGroup;
			children = (
				60206717294BB477005650FA /* WelcomeScreen */,
				608E91A0295108810072FE02 /* HomeView.swift */,
				60A2D89B29649BCB0082338B /* AddActivityView.swift */,
				60581737296C94E1002AEE2E /* ReportsView.swift */,
				608942E22979D2590094A8D7 /* ProfileView.swift */,
			);
			path = MainViews;
			sourceTree = "<group>";
		};
		608F1D37293BDC6700B8BF2A /* SubViews */ = {
			isa = PBXGroup;
			children = (
				6065868E2975B7C700EBBD94 /* Charts */,
				60EE4796296DB98800DFDC37 /* ReportsViewCalendar */,
				6031D560296368FB0019D399 /* TableViewCells */,
				608F1D3A293BE13300B8BF2A /* DividerView.swift */,
				60A86AFC2941181D00DD484D /* WButton.swift */,
				60EE479C296E163E00DFDC37 /* WVisualEffectView.swift */,
			);
			path = SubViews;
			sourceTree = "<group>";
		};
		60A423D9294A356000B72126 /* Animations */ = {
			isa = PBXGroup;
			children = (
				60A423DA294A357700B72126 /* WAnimations.swift */,
			);
			path = Animations;
			sourceTree = "<group>";
		};
		60A86B002941192D00DD484D /* Constants */ = {
			isa = PBXGroup;
			children = (
				60A86AFE2941186900DD484D /* WColors.swift */,
			);
			path = Constants;
			sourceTree = "<group>";
		};
		60EE4796296DB98800DFDC37 /* ReportsViewCalendar */ = {
			isa = PBXGroup;
			children = (
				60EE4797296DB9E200DFDC37 /* ReportsCalendarCell.swift */,
				60EE4799296DCF5100DFDC37 /* ReportsCalendarHeader.swift */,
				60EE479E296E187E00DFDC37 /* ReportsCalendarView.swift */,
			);
			path = ReportsViewCalendar;
			sourceTree = "<group>";
		};
		60EE479B296DE0D400DFDC37 /* Lottie Files */ = {
			isa = PBXGroup;
			children = (
				607566B82948F5C00023A9DC /* dots.json */,
			);
			path = "Lottie Files";
			sourceTree = "<group>";
		};
		60EE47A0296E196C00DFDC37 /* ReportsViewControllers */ = {
			isa = PBXGroup;
			children = (
				608E91A429510FA70072FE02 /* ReportsViewController.swift */,
				608942DE2979C08E0094A8D7 /* ReportsCalViewController.swift */,
			);
			path = ReportsViewControllers;
			sourceTree = "<group>";
		};
		B637006F5F99DF5FEB84EA5A /* Frameworks */ = {
			isa = PBXGroup;
			children = (
				9D092CCFB5BA1C7D906E1028 /* Pods_Watudo.framework */,
			);
			name = Frameworks;
			sourceTree = "<group>";
		};
		E550A03383B0609231D1376D /* Pods */ = {
			isa = PBXGroup;
			children = (
				E73560A060775C724C2B5E49 /* Pods-Watudo.debug.xcconfig */,
				62FB0311AF5AA41099C33795 /* Pods-Watudo.release.xcconfig */,
			);
			path = Pods;
			sourceTree = "<group>";
		};
/* End PBXGroup section */

/* Begin PBXNativeTarget section */
		602EB3672939676A000A99C8 /* Watudo */ = {
			isa = PBXNativeTarget;
			buildConfigurationList = 602EB37C29396771000A99C8 /* Build configuration list for PBXNativeTarget "Watudo" */;
			buildPhases = (
				A08748D4CC980A35F8B38F8A /* [CP] Check Pods Manifest.lock */,
				602EB3642939676A000A99C8 /* Sources */,
				602EB3652939676A000A99C8 /* Frameworks */,
				602EB3662939676A000A99C8 /* Resources */,
				AF39970AC70A8AD5A65EC7A2 /* [CP] Embed Pods Frameworks */,
			);
			buildRules = (
			);
			dependencies = (
			);
			name = Watudo;
			productName = Watudo;
			productReference = 602EB3682939676A000A99C8 /* Watudo.app */;
			productType = "com.apple.product-type.application";
		};
/* End PBXNativeTarget section */

/* Begin PBXProject section */
		602EB3602939676A000A99C8 /* Project object */ = {
			isa = PBXProject;
			attributes = {
				BuildIndependentTargetsInParallel = 1;
				LastSwiftUpdateCheck = 1410;
				LastUpgradeCheck = 1420;
				TargetAttributes = {
					602EB3672939676A000A99C8 = {
						CreatedOnToolsVersion = 14.1;
					};
				};
			};
			buildConfigurationList = 602EB3632939676A000A99C8 /* Build configuration list for PBXProject "Watudo" */;
			compatibilityVersion = "Xcode 14.0";
			developmentRegion = en;
			hasScannedForEncodings = 0;
			knownRegions = (
				en,
				Base,
			);
			mainGroup = 602EB35F2939676A000A99C8;
			productRefGroup = 602EB3692939676A000A99C8 /* Products */;
			projectDirPath = "";
			projectRoot = "";
			targets = (
				602EB3672939676A000A99C8 /* Watudo */,
			);
		};
/* End PBXProject section */

/* Begin PBXResourcesBuildPhase section */
		602EB3662939676A000A99C8 /* Resources */ = {
			isa = PBXResourcesBuildPhase;
			buildActionMask = 2147483647;
			files = (
				60A423DD294A81C400B72126 /* Panton-BlackCaps.otf in Resources */,
				602EB37829396771000A99C8 /* LaunchScreen.storyboard in Resources */,
				60A423DF294A84C000B72126 /* Panton-LightCaps.otf in Resources */,
				607566B92948F5C00023A9DC /* dots.json in Resources */,
				602EB37529396771000A99C8 /* Assets.xcassets in Resources */,
			);
			runOnlyForDeploymentPostprocessing = 0;
		};
/* End PBXResourcesBuildPhase section */

/* Begin PBXShellScriptBuildPhase section */
		A08748D4CC980A35F8B38F8A /* [CP] Check Pods Manifest.lock */ = {
			isa = PBXShellScriptBuildPhase;
			buildActionMask = 2147483647;
			files = (
			);
			inputFileListPaths = (
			);
			inputPaths = (
				"${PODS_PODFILE_DIR_PATH}/Podfile.lock",
				"${PODS_ROOT}/Manifest.lock",
			);
			name = "[CP] Check Pods Manifest.lock";
			outputFileListPaths = (
			);
			outputPaths = (
				"$(DERIVED_FILE_DIR)/Pods-Watudo-checkManifestLockResult.txt",
			);
			runOnlyForDeploymentPostprocessing = 0;
			shellPath = /bin/sh;
			shellScript = "diff \"${PODS_PODFILE_DIR_PATH}/Podfile.lock\" \"${PODS_ROOT}/Manifest.lock\" > /dev/null\nif [ $? != 0 ] ; then\n    # print error to STDERR\n    echo \"error: The sandbox is not in sync with the Podfile.lock. Run 'pod install' or update your CocoaPods installation.\" >&2\n    exit 1\nfi\n# This output is used by Xcode 'outputs' to avoid re-running this script phase.\necho \"SUCCESS\" > \"${SCRIPT_OUTPUT_FILE_0}\"\n";
			showEnvVarsInLog = 0;
		};
		AF39970AC70A8AD5A65EC7A2 /* [CP] Embed Pods Frameworks */ = {
			isa = PBXShellScriptBuildPhase;
			buildActionMask = 2147483647;
			files = (
			);
			inputFileListPaths = (
				"${PODS_ROOT}/Target Support Files/Pods-Watudo/Pods-Watudo-frameworks-${CONFIGURATION}-input-files.xcfilelist",
			);
			name = "[CP] Embed Pods Frameworks";
			outputFileListPaths = (
				"${PODS_ROOT}/Target Support Files/Pods-Watudo/Pods-Watudo-frameworks-${CONFIGURATION}-output-files.xcfilelist",
			);
			runOnlyForDeploymentPostprocessing = 0;
			shellPath = /bin/sh;
			shellScript = "\"${PODS_ROOT}/Target Support Files/Pods-Watudo/Pods-Watudo-frameworks.sh\"\n";
			showEnvVarsInLog = 0;
		};
/* End PBXShellScriptBuildPhase section */

/* Begin PBXSourcesBuildPhase section */
		602EB3642939676A000A99C8 /* Sources */ = {
			isa = PBXSourcesBuildPhase;
			buildActionMask = 2147483647;
			files = (
				608E91A529510FA70072FE02 /* ReportsViewController.swift in Sources */,
				60A86AFD2941181D00DD484D /* WButton.swift in Sources */,
				60581736296C93D6002AEE2E /* Day.swift in Sources */,
				6031D5622963691C0019D399 /* ActivityCell.swift in Sources */,
				608F1D35293BD9C100B8BF2A /* UIViewExtension.swift in Sources */,
				60EE479A296DCF5100DFDC37 /* ReportsCalendarHeader.swift in Sources */,
				608E91A729510FCB0072FE02 /* TabBarController.swift in Sources */,
				60581738296C94E1002AEE2E /* ReportsView.swift in Sources */,
				602EB3702939676A000A99C8 /* WelcomeViewController.swift in Sources */,
				60A2D8A029649EF10082338B /* AddActivityViewController.swift in Sources */,
				60EE479D296E163E00DFDC37 /* WVisualEffectView.swift in Sources */,
				60EE479F296E187E00DFDC37 /* ReportsCalendarView.swift in Sources */,
				608942E12979D2450094A8D7 /* ProfileViewController.swift in Sources */,
				608E91A1295108810072FE02 /* HomeView.swift in Sources */,
				60658816293FCCAF00EE7AE2 /* WelcomeView.swift in Sources */,
				60A423DB294A357700B72126 /* WAnimations.swift in Sources */,
				608942DF2979C08E0094A8D7 /* ReportsCalViewController.swift in Sources */,
				608E919F2951085E0072FE02 /* HomeViewController.swift in Sources */,
				60EE4798296DB9E200DFDC37 /* ReportsCalendarCell.swift in Sources */,
				602EB36C2939676A000A99C8 /* AppDelegate.swift in Sources */,
				608F1D32293BD7CD00B8BF2A /* LoginView.swift in Sources */,
				608F1D3B293BE13300B8BF2A /* DividerView.swift in Sources */,
				602E1D44293CA8EF00570249 /* RegisterView.swift in Sources */,
				606586902975B7EC00EBBD94 /* ReportsChartView.swift in Sources */,
				608942E32979D2590094A8D7 /* ProfileView.swift in Sources */,
				60A2D89C29649BCB0082338B /* AddActivityView.swift in Sources */,
				6031D55F296361440019D399 /* HomeChartView.swift in Sources */,
				602EB36E2939676A000A99C8 /* SceneDelegate.swift in Sources */,
				602E1D42293CA8CD00570249 /* User.swift in Sources */,
				60A2D89E29649C270082338B /* Activity.swift in Sources */,
				60A86AFF2941186A00DD484D /* WColors.swift in Sources */,
				603E470F2965FC8A00B0589E /* Category.swift in Sources */,
			);
			runOnlyForDeploymentPostprocessing = 0;
		};
/* End PBXSourcesBuildPhase section */

/* Begin PBXVariantGroup section */
		602EB37629396771000A99C8 /* LaunchScreen.storyboard */ = {
			isa = PBXVariantGroup;
			children = (
				602EB37729396771000A99C8 /* Base */,
			);
			name = LaunchScreen.storyboard;
			sourceTree = "<group>";
		};
/* End PBXVariantGroup section */

/* Begin XCBuildConfiguration section */
		602EB37A29396771000A99C8 /* Debug */ = {
			isa = XCBuildConfiguration;
			buildSettings = {
				ALWAYS_SEARCH_USER_PATHS = NO;
				CLANG_ANALYZER_NONNULL = YES;
				CLANG_ANALYZER_NUMBER_OBJECT_CONVERSION = YES_AGGRESSIVE;
				CLANG_CXX_LANGUAGE_STANDARD = "gnu++20";
				CLANG_ENABLE_MODULES = YES;
				CLANG_ENABLE_OBJC_ARC = YES;
				CLANG_ENABLE_OBJC_WEAK = YES;
				CLANG_WARN_BLOCK_CAPTURE_AUTORELEASING = YES;
				CLANG_WARN_BOOL_CONVERSION = YES;
				CLANG_WARN_COMMA = YES;
				CLANG_WARN_CONSTANT_CONVERSION = YES;
				CLANG_WARN_DEPRECATED_OBJC_IMPLEMENTATIONS = YES;
				CLANG_WARN_DIRECT_OBJC_ISA_USAGE = YES_ERROR;
				CLANG_WARN_DOCUMENTATION_COMMENTS = YES;
				CLANG_WARN_EMPTY_BODY = YES;
				CLANG_WARN_ENUM_CONVERSION = YES;
				CLANG_WARN_INFINITE_RECURSION = YES;
				CLANG_WARN_INT_CONVERSION = YES;
				CLANG_WARN_NON_LITERAL_NULL_CONVERSION = YES;
				CLANG_WARN_OBJC_IMPLICIT_RETAIN_SELF = YES;
				CLANG_WARN_OBJC_LITERAL_CONVERSION = YES;
				CLANG_WARN_OBJC_ROOT_CLASS = YES_ERROR;
				CLANG_WARN_QUOTED_INCLUDE_IN_FRAMEWORK_HEADER = YES;
				CLANG_WARN_RANGE_LOOP_ANALYSIS = YES;
				CLANG_WARN_STRICT_PROTOTYPES = YES;
				CLANG_WARN_SUSPICIOUS_MOVE = YES;
				CLANG_WARN_UNGUARDED_AVAILABILITY = YES_AGGRESSIVE;
				CLANG_WARN_UNREACHABLE_CODE = YES;
				CLANG_WARN__DUPLICATE_METHOD_MATCH = YES;
				COPY_PHASE_STRIP = NO;
				DEBUG_INFORMATION_FORMAT = dwarf;
				ENABLE_STRICT_OBJC_MSGSEND = YES;
				ENABLE_TESTABILITY = YES;
				GCC_C_LANGUAGE_STANDARD = gnu11;
				GCC_DYNAMIC_NO_PIC = NO;
				GCC_NO_COMMON_BLOCKS = YES;
				GCC_OPTIMIZATION_LEVEL = 0;
				GCC_PREPROCESSOR_DEFINITIONS = (
					"DEBUG=1",
					"$(inherited)",
				);
				GCC_WARN_64_TO_32_BIT_CONVERSION = YES;
				GCC_WARN_ABOUT_RETURN_TYPE = YES_ERROR;
				GCC_WARN_UNDECLARED_SELECTOR = YES;
				GCC_WARN_UNINITIALIZED_AUTOS = YES_AGGRESSIVE;
				GCC_WARN_UNUSED_FUNCTION = YES;
				GCC_WARN_UNUSED_VARIABLE = YES;
				IPHONEOS_DEPLOYMENT_TARGET = 13.6;
				MTL_ENABLE_DEBUG_INFO = INCLUDE_SOURCE;
				MTL_FAST_MATH = YES;
				ONLY_ACTIVE_ARCH = YES;
				SDKROOT = iphoneos;
				SWIFT_ACTIVE_COMPILATION_CONDITIONS = DEBUG;
				SWIFT_OPTIMIZATION_LEVEL = "-Onone";
			};
			name = Debug;
		};
		602EB37B29396771000A99C8 /* Release */ = {
			isa = XCBuildConfiguration;
			buildSettings = {
				ALWAYS_SEARCH_USER_PATHS = NO;
				CLANG_ANALYZER_NONNULL = YES;
				CLANG_ANALYZER_NUMBER_OBJECT_CONVERSION = YES_AGGRESSIVE;
				CLANG_CXX_LANGUAGE_STANDARD = "gnu++20";
				CLANG_ENABLE_MODULES = YES;
				CLANG_ENABLE_OBJC_ARC = YES;
				CLANG_ENABLE_OBJC_WEAK = YES;
				CLANG_WARN_BLOCK_CAPTURE_AUTORELEASING = YES;
				CLANG_WARN_BOOL_CONVERSION = YES;
				CLANG_WARN_COMMA = YES;
				CLANG_WARN_CONSTANT_CONVERSION = YES;
				CLANG_WARN_DEPRECATED_OBJC_IMPLEMENTATIONS = YES;
				CLANG_WARN_DIRECT_OBJC_ISA_USAGE = YES_ERROR;
				CLANG_WARN_DOCUMENTATION_COMMENTS = YES;
				CLANG_WARN_EMPTY_BODY = YES;
				CLANG_WARN_ENUM_CONVERSION = YES;
				CLANG_WARN_INFINITE_RECURSION = YES;
				CLANG_WARN_INT_CONVERSION = YES;
				CLANG_WARN_NON_LITERAL_NULL_CONVERSION = YES;
				CLANG_WARN_OBJC_IMPLICIT_RETAIN_SELF = YES;
				CLANG_WARN_OBJC_LITERAL_CONVERSION = YES;
				CLANG_WARN_OBJC_ROOT_CLASS = YES_ERROR;
				CLANG_WARN_QUOTED_INCLUDE_IN_FRAMEWORK_HEADER = YES;
				CLANG_WARN_RANGE_LOOP_ANALYSIS = YES;
				CLANG_WARN_STRICT_PROTOTYPES = YES;
				CLANG_WARN_SUSPICIOUS_MOVE = YES;
				CLANG_WARN_UNGUARDED_AVAILABILITY = YES_AGGRESSIVE;
				CLANG_WARN_UNREACHABLE_CODE = YES;
				CLANG_WARN__DUPLICATE_METHOD_MATCH = YES;
				COPY_PHASE_STRIP = NO;
				DEBUG_INFORMATION_FORMAT = "dwarf-with-dsym";
				ENABLE_NS_ASSERTIONS = NO;
				ENABLE_STRICT_OBJC_MSGSEND = YES;
				GCC_C_LANGUAGE_STANDARD = gnu11;
				GCC_NO_COMMON_BLOCKS = YES;
				GCC_WARN_64_TO_32_BIT_CONVERSION = YES;
				GCC_WARN_ABOUT_RETURN_TYPE = YES_ERROR;
				GCC_WARN_UNDECLARED_SELECTOR = YES;
				GCC_WARN_UNINITIALIZED_AUTOS = YES_AGGRESSIVE;
				GCC_WARN_UNUSED_FUNCTION = YES;
				GCC_WARN_UNUSED_VARIABLE = YES;
				IPHONEOS_DEPLOYMENT_TARGET = 13.6;
				MTL_ENABLE_DEBUG_INFO = NO;
				MTL_FAST_MATH = YES;
				SDKROOT = iphoneos;
				SWIFT_COMPILATION_MODE = wholemodule;
				SWIFT_OPTIMIZATION_LEVEL = "-O";
				VALIDATE_PRODUCT = YES;
			};
			name = Release;
		};
		602EB37D29396771000A99C8 /* Debug */ = {
			isa = XCBuildConfiguration;
			baseConfigurationReference = E73560A060775C724C2B5E49 /* Pods-Watudo.debug.xcconfig */;
			buildSettings = {
				ASSETCATALOG_COMPILER_APPICON_NAME = AppIcon;
				ASSETCATALOG_COMPILER_GLOBAL_ACCENT_COLOR_NAME = AccentColor;
				CODE_SIGN_STYLE = Automatic;
				CURRENT_PROJECT_VERSION = 1;
				DEAD_CODE_STRIPPING = YES;
				DEVELOPMENT_TEAM = 9AWGRVU6P9;
				GENERATE_INFOPLIST_FILE = YES;
				INFOPLIST_FILE = Watudo/Info.plist;
				INFOPLIST_KEY_UIApplicationSupportsIndirectInputEvents = YES;
				INFOPLIST_KEY_UILaunchStoryboardName = LaunchScreen;
				INFOPLIST_KEY_UIMainStoryboardFile = "";
				INFOPLIST_KEY_UISupportedInterfaceOrientations_iPad = "UIInterfaceOrientationPortrait UIInterfaceOrientationPortraitUpsideDown UIInterfaceOrientationLandscapeLeft UIInterfaceOrientationLandscapeRight";
				INFOPLIST_KEY_UISupportedInterfaceOrientations_iPhone = "UIInterfaceOrientationPortrait UIInterfaceOrientationLandscapeLeft UIInterfaceOrientationLandscapeRight";
				IPHONEOS_DEPLOYMENT_TARGET = 16.0;
				LD_RUNPATH_SEARCH_PATHS = (
					"$(inherited)",
					"@executable_path/Frameworks",
				);
				MARKETING_VERSION = 1.0;
				PRODUCT_BUNDLE_IDENTIFIER = SebastianHajduk.Watudo;
				PRODUCT_NAME = "$(TARGET_NAME)";
				SWIFT_EMIT_LOC_STRINGS = YES;
				SWIFT_VERSION = 5.0;
				TARGETED_DEVICE_FAMILY = "1,2";
			};
			name = Debug;
		};
		602EB37E29396771000A99C8 /* Release */ = {
			isa = XCBuildConfiguration;
			baseConfigurationReference = 62FB0311AF5AA41099C33795 /* Pods-Watudo.release.xcconfig */;
			buildSettings = {
				ASSETCATALOG_COMPILER_APPICON_NAME = AppIcon;
				ASSETCATALOG_COMPILER_GLOBAL_ACCENT_COLOR_NAME = AccentColor;
				CODE_SIGN_STYLE = Automatic;
				CURRENT_PROJECT_VERSION = 1;
				DEAD_CODE_STRIPPING = YES;
				DEVELOPMENT_TEAM = 9AWGRVU6P9;
				GENERATE_INFOPLIST_FILE = YES;
				INFOPLIST_FILE = Watudo/Info.plist;
				INFOPLIST_KEY_UIApplicationSupportsIndirectInputEvents = YES;
				INFOPLIST_KEY_UILaunchStoryboardName = LaunchScreen;
				INFOPLIST_KEY_UIMainStoryboardFile = "";
				INFOPLIST_KEY_UISupportedInterfaceOrientations_iPad = "UIInterfaceOrientationPortrait UIInterfaceOrientationPortraitUpsideDown UIInterfaceOrientationLandscapeLeft UIInterfaceOrientationLandscapeRight";
				INFOPLIST_KEY_UISupportedInterfaceOrientations_iPhone = "UIInterfaceOrientationPortrait UIInterfaceOrientationLandscapeLeft UIInterfaceOrientationLandscapeRight";
				IPHONEOS_DEPLOYMENT_TARGET = 16.0;
				LD_RUNPATH_SEARCH_PATHS = (
					"$(inherited)",
					"@executable_path/Frameworks",
				);
				MARKETING_VERSION = 1.0;
				PRODUCT_BUNDLE_IDENTIFIER = SebastianHajduk.Watudo;
				PRODUCT_NAME = "$(TARGET_NAME)";
				SWIFT_EMIT_LOC_STRINGS = YES;
				SWIFT_VERSION = 5.0;
				TARGETED_DEVICE_FAMILY = "1,2";
			};
			name = Release;
		};
/* End XCBuildConfiguration section */

/* Begin XCConfigurationList section */
		602EB3632939676A000A99C8 /* Build configuration list for PBXProject "Watudo" */ = {
			isa = XCConfigurationList;
			buildConfigurations = (
				602EB37A29396771000A99C8 /* Debug */,
				602EB37B29396771000A99C8 /* Release */,
			);
			defaultConfigurationIsVisible = 0;
			defaultConfigurationName = Release;
		};
		602EB37C29396771000A99C8 /* Build configuration list for PBXNativeTarget "Watudo" */ = {
			isa = XCConfigurationList;
			buildConfigurations = (
				602EB37D29396771000A99C8 /* Debug */,
				602EB37E29396771000A99C8 /* Release */,
			);
			defaultConfigurationIsVisible = 0;
			defaultConfigurationName = Release;
		};
/* End XCConfigurationList section */
	};
	rootObject = 602EB3602939676A000A99C8 /* Project object */;
}
